
Microsoft Visual Studio Solution File, Format Version 12.00
# Visual Studio Version 16
VisualStudioVersion = 16.0.29306.81
MinimumVisualStudioVersion = 10.0.40219.1
Project("{FAE04EC0-301F-11D3-BF4B-00C04F79EFBC}") = "SwapiMvvm.Forms.UWP", "SwapiMvvm.Forms\SwapiMvvm.Forms.UWP\SwapiMvvm.Forms.UWP.csproj", "{7C099B39-4435-4013-BB5A-61917B2A0B14}"
EndProject
Project("{FAE04EC0-301F-11D3-BF4B-00C04F79EFBC}") = "SwapiMvvm.Forms.Android", "SwapiMvvm.Forms\SwapiMvvm.Forms.Android\SwapiMvvm.Forms.Android.csproj", "{ACBFD429-1F25-4390-A778-F82946971F5A}"
EndProject
Project("{FAE04EC0-301F-11D3-BF4B-00C04F79EFBC}") = "SwapiMvvm.Forms.iOS", "SwapiMvvm.Forms\SwapiMvvm.Forms.iOS\SwapiMvvm.Forms.iOS.csproj", "{C3D4A5A2-A64D-4902-992C-209C804ED2F6}"
EndProject
Project("{9A19103F-16F7-4668-BE54-9A1E7A4F7556}") = "SwapiMvvm.Forms", "SwapiMvvm.Forms\SwapiMvvm.Forms\SwapiMvvm.Forms.csproj", "{EAA293E8-A88E-4DE8-8523-1499621CB89F}"
EndProject
Project("{2150E333-8FDC-42A3-9474-1A3956D46DE8}") = "App", "App", "{406AA9E9-201A-4499-9194-E17D84F8E9D8}"
EndProject
Global
	GlobalSection(SolutionConfigurationPlatforms) = preSolution
		Debug|Any CPU = Debug|Any CPU
		Debug|ARM = Debug|ARM
		Debug|iPhone = Debug|iPhone
		Debug|iPhoneSimulator = Debug|iPhoneSimulator
		Debug|x64 = Debug|x64
		Debug|x86 = Debug|x86
		Release|Any CPU = Release|Any CPU
		Release|ARM = Release|ARM
		Release|iPhone = Release|iPhone
		Release|iPhoneSimulator = Release|iPhoneSimulator
		Release|x64 = Release|x64
		Release|x86 = Release|x86
	EndGlobalSection
	GlobalSection(ProjectConfigurationPlatforms) = postSolution
		{7C099B39-4435-4013-BB5A-61917B2A0B14}.Debug|Any CPU.ActiveCfg = Debug|x86
		{7C099B39-4435-4013-BB5A-61917B2A0B14}.Debug|Any CPU.Build.0 = Debug|x86
		{7C099B39-4435-4013-BB5A-61917B2A0B14}.Debug|Any CPU.Deploy.0 = Debug|x86
		{7C099B39-4435-4013-BB5A-61917B2A0B14}.Debug|ARM.ActiveCfg = Debug|ARM
		{7C099B39-4435-4013-BB5A-61917B2A0B14}.Debug|ARM.Build.0 = Debug|ARM
		{7C099B39-4435-4013-BB5A-61917B2A0B14}.Debug|ARM.Deploy.0 = Debug|ARM
		{7C099B39-4435-4013-BB5A-61917B2A0B14}.Debug|iPhone.ActiveCfg = Debug|x86
		{7C099B39-4435-4013-BB5A-61917B2A0B14}.Debug|iPhone.Build.0 = Debug|x86
		{7C099B39-4435-4013-BB5A-61917B2A0B14}.Debug|iPhone.Deploy.0 = Debug|x86
		{7C099B39-4435-4013-BB5A-61917B2A0B14}.Debug|iPhoneSimulator.ActiveCfg = Debug|x86
		{7C099B39-4435-4013-BB5A-61917B2A0B14}.Debug|iPhoneSimulator.Build.0 = Debug|x86
		{7C099B39-4435-4013-BB5A-61917B2A0B14}.Debug|iPhoneSimulator.Deploy.0 = Debug|x86
		{7C099B39-4435-4013-BB5A-61917B2A0B14}.Debug|x64.ActiveCfg = Debug|x64
		{7C099B39-4435-4013-BB5A-61917B2A0B14}.Debug|x64.Build.0 = Debug|x64
		{7C099B39-4435-4013-BB5A-61917B2A0B14}.Debug|x64.Deploy.0 = Debug|x64
		{7C099B39-4435-4013-BB5A-61917B2A0B14}.Debug|x86.ActiveCfg = Debug|x86
		{7C099B39-4435-4013-BB5A-61917B2A0B14}.Debug|x86.Build.0 = Debug|x86
		{7C099B39-4435-4013-BB5A-61917B2A0B14}.Debug|x86.Deploy.0 = Debug|x86
		{7C099B39-4435-4013-BB5A-61917B2A0B14}.Release|Any CPU.ActiveCfg = Release|x86
		{7C099B39-4435-4013-BB5A-61917B2A0B14}.Release|Any CPU.Build.0 = Release|x86
		{7C099B39-4435-4013-BB5A-61917B2A0B14}.Release|Any CPU.Deploy.0 = Release|x86
		{7C099B39-4435-4013-BB5A-61917B2A0B14}.Release|ARM.ActiveCfg = Release|ARM
		{7C099B39-4435-4013-BB5A-61917B2A0B14}.Release|ARM.Build.0 = Release|ARM
		{7C099B39-4435-4013-BB5A-61917B2A0B14}.Release|ARM.Deploy.0 = Release|ARM
		{7C099B39-4435-4013-BB5A-61917B2A0B14}.Release|iPhone.ActiveCfg = Release|x86
		{7C099B39-4435-4013-BB5A-61917B2A0B14}.Release|iPhone.Build.0 = Release|x86
		{7C099B39-4435-4013-BB5A-61917B2A0B14}.Release|iPhone.Deploy.0 = Release|x86
		{7C099B39-4435-4013-BB5A-61917B2A0B14}.Release|iPhoneSimulator.ActiveCfg = Release|x86
		{7C099B39-4435-4013-BB5A-61917B2A0B14}.Release|iPhoneSimulator.Build.0 = Release|x86
		{7C099B39-4435-4013-BB5A-61917B2A0B14}.Release|iPhoneSimulator.Deploy.0 = Release|x86
		{7C099B39-4435-4013-BB5A-61917B2A0B14}.Release|x64.ActiveCfg = Release|x64
		{7C099B39-4435-4013-BB5A-61917B2A0B14}.Release|x64.Build.0 = Release|x64
		{7C099B39-4435-4013-BB5A-61917B2A0B14}.Release|x64.Deploy.0 = Release|x64
		{7C099B39-4435-4013-BB5A-61917B2A0B14}.Release|x86.ActiveCfg = Release|x86
		{7C099B39-4435-4013-BB5A-61917B2A0B14}.Release|x86.Build.0 = Release|x86
		{7C099B39-4435-4013-BB5A-61917B2A0B14}.Release|x86.Deploy.0 = Release|x86
		{ACBFD429-1F25-4390-A778-F82946971F5A}.Debug|Any CPU.ActiveCfg = Debug|Any CPU
		{ACBFD429-1F25-4390-A778-F82946971F5A}.Debug|Any CPU.Build.0 = Debug|Any CPU
		{ACBFD429-1F25-4390-A778-F82946971F5A}.Debug|Any CPU.Deploy.0 = Debug|Any CPU
		{ACBFD429-1F25-4390-A778-F82946971F5A}.Debug|ARM.ActiveCfg = Debug|Any CPU
		{ACBFD429-1F25-4390-A778-F82946971F5A}.Debug|ARM.Build.0 = Debug|Any CPU
		{ACBFD429-1F25-4390-A778-F82946971F5A}.Debug|ARM.Deploy.0 = Debug|Any CPU
		{ACBFD429-1F25-4390-A778-F82946971F5A}.Debug|iPhone.ActiveCfg = Debug|Any CPU
		{ACBFD429-1F25-4390-A778-F82946971F5A}.Debug|iPhone.Build.0 = Debug|Any CPU
		{ACBFD429-1F25-4390-A778-F82946971F5A}.Debug|iPhone.Deploy.0 = Debug|Any CPU
		{ACBFD429-1F25-4390-A778-F82946971F5A}.Debug|iPhoneSimulator.ActiveCfg = Debug|Any CPU
		{ACBFD429-1F25-4390-A778-F82946971F5A}.Debug|iPhoneSimulator.Build.0 = Debug|Any CPU
		{ACBFD429-1F25-4390-A778-F82946971F5A}.Debug|iPhoneSimulator.Deploy.0 = Debug|Any CPU
		{ACBFD429-1F25-4390-A778-F82946971F5A}.Debug|x64.ActiveCfg = Debug|Any CPU
		{ACBFD429-1F25-4390-A778-F82946971F5A}.Debug|x64.Build.0 = Debug|Any CPU
		{ACBFD429-1F25-4390-A778-F82946971F5A}.Debug|x64.Deploy.0 = Debug|Any CPU
		{ACBFD429-1F25-4390-A778-F82946971F5A}.Debug|x86.ActiveCfg = Debug|Any CPU
		{ACBFD429-1F25-4390-A778-F82946971F5A}.Debug|x86.Build.0 = Debug|Any CPU
		{ACBFD429-1F25-4390-A778-F82946971F5A}.Debug|x86.Deploy.0 = Debug|Any CPU
		{ACBFD429-1F25-4390-A778-F82946971F5A}.Release|Any CPU.ActiveCfg = Release|Any CPU
		{ACBFD429-1F25-4390-A778-F82946971F5A}.Release|Any CPU.Build.0 = Release|Any CPU
		{ACBFD429-1F25-4390-A778-F82946971F5A}.Release|Any CPU.Deploy.0 = Release|Any CPU
		{ACBFD429-1F25-4390-A778-F82946971F5A}.Release|ARM.ActiveCfg = Release|Any CPU
		{ACBFD429-1F25-4390-A778-F82946971F5A}.Release|ARM.Build.0 = Release|Any CPU
		{ACBFD429-1F25-4390-A778-F82946971F5A}.Release|ARM.Deploy.0 = Release|Any CPU
		{ACBFD429-1F25-4390-A778-F82946971F5A}.Release|iPhone.ActiveCfg = Release|Any CPU
		{ACBFD429-1F25-4390-A778-F82946971F5A}.Release|iPhone.Build.0 = Release|Any CPU
		{ACBFD429-1F25-4390-A778-F82946971F5A}.Release|iPhone.Deploy.0 = Release|Any CPU
		{ACBFD429-1F25-4390-A778-F82946971F5A}.Release|iPhoneSimulator.ActiveCfg = Release|Any CPU
		{ACBFD429-1F25-4390-A778-F82946971F5A}.Release|iPhoneSimulator.Build.0 = Release|Any CPU
		{ACBFD429-1F25-4390-A778-F82946971F5A}.Release|iPhoneSimulator.Deploy.0 = Release|Any CPU
		{ACBFD429-1F25-4390-A778-F82946971F5A}.Release|x64.ActiveCfg = Release|Any CPU
		{ACBFD429-1F25-4390-A778-F82946971F5A}.Release|x64.Build.0 = Release|Any CPU
		{ACBFD429-1F25-4390-A778-F82946971F5A}.Release|x64.Deploy.0 = Release|Any CPU
		{ACBFD429-1F25-4390-A778-F82946971F5A}.Release|x86.ActiveCfg = Release|Any CPU
		{ACBFD429-1F25-4390-A778-F82946971F5A}.Release|x86.Build.0 = Release|Any CPU
		{ACBFD429-1F25-4390-A778-F82946971F5A}.Release|x86.Deploy.0 = Release|Any CPU
		{C3D4A5A2-A64D-4902-992C-209C804ED2F6}.Debug|Any CPU.ActiveCfg = Debug|iPhone
		{C3D4A5A2-A64D-4902-992C-209C804ED2F6}.Debug|Any CPU.Build.0 = Debug|iPhone
		{C3D4A5A2-A64D-4902-992C-209C804ED2F6}.Debug|Any CPU.Deploy.0 = Debug|iPhone
		{C3D4A5A2-A64D-4902-992C-209C804ED2F6}.Debug|ARM.ActiveCfg = Debug|iPhoneSimulator
		{C3D4A5A2-A64D-4902-992C-209C804ED2F6}.Debug|ARM.Build.0 = Debug|iPhoneSimulator
		{C3D4A5A2-A64D-4902-992C-209C804ED2F6}.Debug|ARM.Deploy.0 = Debug|iPhoneSimulator
		{C3D4A5A2-A64D-4902-992C-209C804ED2F6}.Debug|iPhone.ActiveCfg = Debug|iPhone
		{C3D4A5A2-A64D-4902-992C-209C804ED2F6}.Debug|iPhone.Build.0 = Debug|iPhone
		{C3D4A5A2-A64D-4902-992C-209C804ED2F6}.Debug|iPhone.Deploy.0 = Debug|iPhone
		{C3D4A5A2-A64D-4902-992C-209C804ED2F6}.Debug|iPhoneSimulator.ActiveCfg = Debug|iPhoneSimulator
		{C3D4A5A2-A64D-4902-992C-209C804ED2F6}.Debug|iPhoneSimulator.Build.0 = Debug|iPhoneSimulator
		{C3D4A5A2-A64D-4902-992C-209C804ED2F6}.Debug|iPhoneSimulator.Deploy.0 = Debug|iPhoneSimulator
		{C3D4A5A2-A64D-4902-992C-209C804ED2F6}.Debug|x64.ActiveCfg = Debug|iPhone
		{C3D4A5A2-A64D-4902-992C-209C804ED2F6}.Debug|x64.Build.0 = Debug|iPhone
		{C3D4A5A2-A64D-4902-992C-209C804ED2F6}.Debug|x64.Deploy.0 = Debug|iPhone
		{C3D4A5A2-A64D-4902-992C-209C804ED2F6}.Debug|x86.ActiveCfg = Debug|iPhone
		{C3D4A5A2-A64D-4902-992C-209C804ED2F6}.Debug|x86.Build.0 = Debug|iPhone
		{C3D4A5A2-A64D-4902-992C-209C804ED2F6}.Debug|x86.Deploy.0 = Debug|iPhone
		{C3D4A5A2-A64D-4902-992C-209C804ED2F6}.Release|Any CPU.ActiveCfg = Release|iPhone
		{C3D4A5A2-A64D-4902-992C-209C804ED2F6}.Release|Any CPU.Build.0 = Release|iPhone
		{C3D4A5A2-A64D-4902-992C-209C804ED2F6}.Release|Any CPU.Deploy.0 = Release|iPhone
		{C3D4A5A2-A64D-4902-992C-209C804ED2F6}.Release|ARM.ActiveCfg = Release|iPhone
		{C3D4A5A2-A64D-4902-992C-209C804ED2F6}.Release|ARM.Build.0 = Release|iPhone
		{C3D4A5A2-A64D-4902-992C-209C804ED2F6}.Release|ARM.Deploy.0 = Release|iPhone
		{C3D4A5A2-A64D-4902-992C-209C804ED2F6}.Release|iPhone.ActiveCfg = Release|iPhone
		{C3D4A5A2-A64D-4902-992C-209C804ED2F6}.Release|iPhone.Build.0 = Release|iPhone
		{C3D4A5A2-A64D-4902-992C-209C804ED2F6}.Release|iPhone.Deploy.0 = Release|iPhone
		{C3D4A5A2-A64D-4902-992C-209C804ED2F6}.Release|iPhoneSimulator.ActiveCfg = Release|iPhoneSimulator
		{C3D4A5A2-A64D-4902-992C-209C804ED2F6}.Release|iPhoneSimulator.Build.0 = Release|iPhoneSimulator
		{C3D4A5A2-A64D-4902-992C-209C804ED2F6}.Release|iPhoneSimulator.Deploy.0 = Release|iPhoneSimulator
		{C3D4A5A2-A64D-4902-992C-209C804ED2F6}.Release|x64.ActiveCfg = Release|iPhone
		{C3D4A5A2-A64D-4902-992C-209C804ED2F6}.Release|x64.Build.0 = Release|iPhone
		{C3D4A5A2-A64D-4902-992C-209C804ED2F6}.Release|x64.Deploy.0 = Release|iPhone
		{C3D4A5A2-A64D-4902-992C-209C804ED2F6}.Release|x86.ActiveCfg = Release|iPhone
		{C3D4A5A2-A64D-4902-992C-209C804ED2F6}.Release|x86.Build.0 = Release|iPhone
		{C3D4A5A2-A64D-4902-992C-209C804ED2F6}.Release|x86.Deploy.0 = Release|iPhone
		{EAA293E8-A88E-4DE8-8523-1499621CB89F}.Debug|Any CPU.ActiveCfg = Debug|Any CPU
		{EAA293E8-A88E-4DE8-8523-1499621CB89F}.Debug|Any CPU.Build.0 = Debug|Any CPU
		{EAA293E8-A88E-4DE8-8523-1499621CB89F}.Debug|Any CPU.Deploy.0 = Debug|Any CPU
		{EAA293E8-A88E-4DE8-8523-1499621CB89F}.Debug|ARM.ActiveCfg = Debug|Any CPU
		{EAA293E8-A88E-4DE8-8523-1499621CB89F}.Debug|ARM.Build.0 = Debug|Any CPU
		{EAA293E8-A88E-4DE8-8523-1499621CB89F}.Debug|ARM.Deploy.0 = Debug|Any CPU
		{EAA293E8-A88E-4DE8-8523-1499621CB89F}.Debug|iPhone.ActiveCfg = Debug|Any CPU
		{EAA293E8-A88E-4DE8-8523-1499621CB89F}.Debug|iPhone.Build.0 = Debug|Any CPU
		{EAA293E8-A88E-4DE8-8523-1499621CB89F}.Debug|iPhone.Deploy.0 = Debug|Any CPU
		{EAA293E8-A88E-4DE8-8523-1499621CB89F}.Debug|iPhoneSimulator.ActiveCfg = Debug|Any CPU
		{EAA293E8-A88E-4DE8-8523-1499621CB89F}.Debug|iPhoneSimulator.Build.0 = Debug|Any CPU
		{EAA293E8-A88E-4DE8-8523-1499621CB89F}.Debug|iPhoneSimulator.Deploy.0 = Debug|Any CPU
		{EAA293E8-A88E-4DE8-8523-1499621CB89F}.Debug|x64.ActiveCfg = Debug|Any CPU
		{EAA293E8-A88E-4DE8-8523-1499621CB89F}.Debug|x64.Build.0 = Debug|Any CPU
		{EAA293E8-A88E-4DE8-8523-1499621CB89F}.Debug|x64.Deploy.0 = Debug|Any CPU
		{EAA293E8-A88E-4DE8-8523-1499621CB89F}.Debug|x86.ActiveCfg = Debug|Any CPU
		{EAA293E8-A88E-4DE8-8523-1499621CB89F}.Debug|x86.Build.0 = Debug|Any CPU
		{EAA293E8-A88E-4DE8-8523-1499621CB89F}.Debug|x86.Deploy.0 = Debug|Any CPU
		{EAA293E8-A88E-4DE8-8523-1499621CB89F}.Release|Any CPU.ActiveCfg = Release|Any CPU
		{EAA293E8-A88E-4DE8-8523-1499621CB89F}.Release|Any CPU.Build.0 = Release|Any CPU
		{EAA293E8-A88E-4DE8-8523-1499621CB89F}.Release|Any CPU.Deploy.0 = Release|Any CPU
		{EAA293E8-A88E-4DE8-8523-1499621CB89F}.Release|ARM.ActiveCfg = Release|Any CPU
		{EAA293E8-A88E-4DE8-8523-1499621CB89F}.Release|ARM.Build.0 = Release|Any CPU
		{EAA293E8-A88E-4DE8-8523-1499621CB89F}.Release|ARM.Deploy.0 = Release|Any CPU
		{EAA293E8-A88E-4DE8-8523-1499621CB89F}.Release|iPhone.ActiveCfg = Release|Any CPU
		{EAA293E8-A88E-4DE8-8523-1499621CB89F}.Release|iPhone.Build.0 = Release|Any CPU
		{EAA293E8-A88E-4DE8-8523-1499621CB89F}.Release|iPhone.Deploy.0 = Release|Any CPU
		{EAA293E8-A88E-4DE8-8523-1499621CB89F}.Release|iPhoneSimulator.ActiveCfg = Release|Any CPU
		{EAA293E8-A88E-4DE8-8523-1499621CB89F}.Release|iPhoneSimulator.Build.0 = Release|Any CPU
		{EAA293E8-A88E-4DE8-8523-1499621CB89F}.Release|iPhoneSimulator.Deploy.0 = Release|Any CPU
		{EAA293E8-A88E-4DE8-8523-1499621CB89F}.Release|x64.ActiveCfg = Release|Any CPU
		{EAA293E8-A88E-4DE8-8523-1499621CB89F}.Release|x64.Build.0 = Release|Any CPU
		{EAA293E8-A88E-4DE8-8523-1499621CB89F}.Release|x64.Deploy.0 = Release|Any CPU
		{EAA293E8-A88E-4DE8-8523-1499621CB89F}.Release|x86.ActiveCfg = Release|Any CPU
		{EAA293E8-A88E-4DE8-8523-1499621CB89F}.Release|x86.Build.0 = Release|Any CPU
		{EAA293E8-A88E-4DE8-8523-1499621CB89F}.Release|x86.Deploy.0 = Release|Any CPU
	EndGlobalSection
	GlobalSection(SolutionProperties) = preSolution
		HideSolutionNode = FALSE
	EndGlobalSection
	GlobalSection(NestedProjects) = preSolution
		{7C099B39-4435-4013-BB5A-61917B2A0B14} = {406AA9E9-201A-4499-9194-E17D84F8E9D8}
		{ACBFD429-1F25-4390-A778-F82946971F5A} = {406AA9E9-201A-4499-9194-E17D84F8E9D8}
		{C3D4A5A2-A64D-4902-992C-209C804ED2F6} = {406AA9E9-201A-4499-9194-E17D84F8E9D8}
		{EAA293E8-A88E-4DE8-8523-1499621CB89F} = {406AA9E9-201A-4499-9194-E17D84F8E9D8}
	EndGlobalSection
	GlobalSection(ExtensibilityGlobals) = postSolution
		SolutionGuid = {3F4E94BA-110B-43A0-868E-ACF796C0E097}
	EndGlobalSection
EndGlobal
